
Microsoft Visual Studio Solution File, Format Version 12.00
# Visual Studio Version 17
VisualStudioVersion = 17.5.002.0
MinimumVisualStudioVersion = 10.0.40219.1
Project("{9A19103F-16F7-4668-BE54-9A1E7A4F7556}") = "BlazingPizza", "BlazingPizza.csproj", "{C40E1655-CA3C-4763-AEC9-95FDD242C788}"
EndProject
Global
	GlobalSection(SolutionConfigurationPlatforms) = preSolution
		Debug|Any CPU = Debug|Any CPU
		Release|Any CPU = Release|Any CPU
	EndGlobalSection
	GlobalSection(ProjectConfigurationPlatforms) = postSolution
		{C40E1655-CA3C-4763-AEC9-95FDD242C788}.Debug|Any CPU.ActiveCfg = Debug|Any CPU
		{C40E1655-CA3C-4763-AEC9-95FDD242C788}.Debug|Any CPU.Build.0 = Debug|Any CPU
		{C40E1655-CA3C-4763-AEC9-95FDD242C788}.Release|Any CPU.ActiveCfg = Release|Any CPU
		{C40E1655-CA3C-4763-AEC9-95FDD242C788}.Release|Any CPU.Build.0 = Release|Any CPU
	EndGlobalSection
	GlobalSection(SolutionProperties) = preSolution
		HideSolutionNode = FALSE
	EndGlobalSection
	GlobalSection(ExtensibilityGlobals) = postSolution
		SolutionGuid = {DB87A697-BB87-4FE8-89D4-80498BA76F18}
	EndGlobalSection
EndGlobal
